
Microsoft Visual Studio Solution File, Format Version 12.00
# Visual Studio Version 17
VisualStudioVersion = 17.0.31710.8
MinimumVisualStudioVersion = 10.0.40219.1
Project("{FAE04EC0-301F-11D3-BF4B-00C04F79EFBC}") = "MAK.Lib.Email", "MAK.Lib.Email\MAK.Lib.Email.csproj", "{1F4540FE-8B3D-4C62-A112-F6BD6766F620}"
EndProject
Global
	GlobalSection(SolutionConfigurationPlatforms) = preSolution
		Debug|Any CPU = Debug|Any CPU
		Release|Any CPU = Release|Any CPU
	EndGlobalSection
	GlobalSection(ProjectConfigurationPlatforms) = postSolution
		{1F4540FE-8B3D-4C62-A112-F6BD6766F620}.Debug|Any CPU.ActiveCfg = Debug|Any CPU
		{1F4540FE-8B3D-4C62-A112-F6BD6766F620}.Debug|Any CPU.Build.0 = Debug|Any CPU
		{1F4540FE-8B3D-4C62-A112-F6BD6766F620}.Release|Any CPU.ActiveCfg = Release|Any CPU
		{1F4540FE-8B3D-4C62-A112-F6BD6766F620}.Release|Any CPU.Build.0 = Release|Any CPU
	EndGlobalSection
	GlobalSection(SolutionProperties) = preSolution
		HideSolutionNode = FALSE
	EndGlobalSection
	GlobalSection(ExtensibilityGlobals) = postSolution
		SolutionGuid = {7A7E9636-F5CA-439D-B5B3-7934EDC78568}
	EndGlobalSection
EndGlobal
